
Microsoft Visual Studio Solution File, Format Version 12.00
# Visual Studio Version 17
VisualStudioVersion = 17.13.35828.75
MinimumVisualStudioVersion = 10.0.40219.1
Project("{FAE04EC0-301F-11D3-BF4B-00C04F79EFBC}") = "AmazeCare.DAL", "AmazeCare.DAL\AmazeCare.DAL.csproj", "{9A44BC3B-F446-49A7-9738-8F27CD538C6C}"
EndProject
Project("{FAE04EC0-301F-11D3-BF4B-00C04F79EFBC}") = "AmazeCare.BLL", "AmazeCare.BLL\AmazeCare.BLL.csproj", "{767EE7A1-6FB6-4381-A400-1B9BBC98100F}"
EndProject
Project("{FAE04EC0-301F-11D3-BF4B-00C04F79EFBC}") = "AmazeCare.API", "AmazeCare.API\AmazeCare.API.csproj", "{463EF807-33C9-4638-879F-89D8F4F8BDFE}"
EndProject
Project("{FAE04EC0-301F-11D3-BF4B-00C04F79EFBC}") = "AmazeCare.WEB", "AmazeCare.WEB\AmazeCare.WEB.csproj", "{1170D69F-8B5A-4131-AE59-D5414F77438F}"
EndProject
Project("{FAE04EC0-301F-11D3-BF4B-00C04F79EFBC}") = "AmazeCare.BLL.Tests", "AmazeCare.BLL.Tests\AmazeCare.BLL.Tests.csproj", "{C99831DD-4C32-4C3B-87C6-FBBC4A79A3BD}"
EndProject
Global
	GlobalSection(SolutionConfigurationPlatforms) = preSolution
		Debug|Any CPU = Debug|Any CPU
		Release|Any CPU = Release|Any CPU
	EndGlobalSection
	GlobalSection(ProjectConfigurationPlatforms) = postSolution
		{9A44BC3B-F446-49A7-9738-8F27CD538C6C}.Debug|Any CPU.ActiveCfg = Debug|Any CPU
		{9A44BC3B-F446-49A7-9738-8F27CD538C6C}.Debug|Any CPU.Build.0 = Debug|Any CPU
		{9A44BC3B-F446-49A7-9738-8F27CD538C6C}.Release|Any CPU.ActiveCfg = Release|Any CPU
		{9A44BC3B-F446-49A7-9738-8F27CD538C6C}.Release|Any CPU.Build.0 = Release|Any CPU
		{767EE7A1-6FB6-4381-A400-1B9BBC98100F}.Debug|Any CPU.ActiveCfg = Debug|Any CPU
		{767EE7A1-6FB6-4381-A400-1B9BBC98100F}.Debug|Any CPU.Build.0 = Debug|Any CPU
		{767EE7A1-6FB6-4381-A400-1B9BBC98100F}.Release|Any CPU.ActiveCfg = Release|Any CPU
		{767EE7A1-6FB6-4381-A400-1B9BBC98100F}.Release|Any CPU.Build.0 = Release|Any CPU
		{463EF807-33C9-4638-879F-89D8F4F8BDFE}.Debug|Any CPU.ActiveCfg = Debug|Any CPU
		{463EF807-33C9-4638-879F-89D8F4F8BDFE}.Debug|Any CPU.Build.0 = Debug|Any CPU
		{463EF807-33C9-4638-879F-89D8F4F8BDFE}.Release|Any CPU.ActiveCfg = Release|Any CPU
		{463EF807-33C9-4638-879F-89D8F4F8BDFE}.Release|Any CPU.Build.0 = Release|Any CPU
		{1170D69F-8B5A-4131-AE59-D5414F77438F}.Debug|Any CPU.ActiveCfg = Debug|Any CPU
		{1170D69F-8B5A-4131-AE59-D5414F77438F}.Debug|Any CPU.Build.0 = Debug|Any CPU
		{1170D69F-8B5A-4131-AE59-D5414F77438F}.Release|Any CPU.ActiveCfg = Release|Any CPU
		{1170D69F-8B5A-4131-AE59-D5414F77438F}.Release|Any CPU.Build.0 = Release|Any CPU
		{C99831DD-4C32-4C3B-87C6-FBBC4A79A3BD}.Debug|Any CPU.ActiveCfg = Debug|Any CPU
		{C99831DD-4C32-4C3B-87C6-FBBC4A79A3BD}.Debug|Any CPU.Build.0 = Debug|Any CPU
		{C99831DD-4C32-4C3B-87C6-FBBC4A79A3BD}.Release|Any CPU.ActiveCfg = Release|Any CPU
		{C99831DD-4C32-4C3B-87C6-FBBC4A79A3BD}.Release|Any CPU.Build.0 = Release|Any CPU
	EndGlobalSection
	GlobalSection(SolutionProperties) = preSolution
		HideSolutionNode = FALSE
	EndGlobalSection
	GlobalSection(ExtensibilityGlobals) = postSolution
		SolutionGuid = {AB0E7B5C-BCD5-4FF7-BA9E-8265E1A5B6F8}
	EndGlobalSection
EndGlobal
