
Microsoft Visual Studio Solution File, Format Version 12.00
# Visual Studio Version 17
VisualStudioVersion = 17.13.35828.75 d17.13
MinimumVisualStudioVersion = 10.0.40219.1
Project("{FAE04EC0-301F-11D3-BF4B-00C04F79EFBC}") = "StudentDAL", "StudentDAL\StudentDAL.csproj", "{1954EE42-7CF6-4382-AA58-AB94D7E01216}"
EndProject
Project("{FAE04EC0-301F-11D3-BF4B-00C04F79EFBC}") = "StudentTests", "StudentTests\StudentTests.csproj", "{18E7AD14-9E9B-40F3-8CD4-3CCD4CE95D4A}"
EndProject
Global
	GlobalSection(SolutionConfigurationPlatforms) = preSolution
		Debug|Any CPU = Debug|Any CPU
		Release|Any CPU = Release|Any CPU
	EndGlobalSection
	GlobalSection(ProjectConfigurationPlatforms) = postSolution
		{1954EE42-7CF6-4382-AA58-AB94D7E01216}.Debug|Any CPU.ActiveCfg = Debug|Any CPU
		{1954EE42-7CF6-4382-AA58-AB94D7E01216}.Debug|Any CPU.Build.0 = Debug|Any CPU
		{1954EE42-7CF6-4382-AA58-AB94D7E01216}.Release|Any CPU.ActiveCfg = Release|Any CPU
		{1954EE42-7CF6-4382-AA58-AB94D7E01216}.Release|Any CPU.Build.0 = Release|Any CPU
		{18E7AD14-9E9B-40F3-8CD4-3CCD4CE95D4A}.Debug|Any CPU.ActiveCfg = Debug|Any CPU
		{18E7AD14-9E9B-40F3-8CD4-3CCD4CE95D4A}.Debug|Any CPU.Build.0 = Debug|Any CPU
		{18E7AD14-9E9B-40F3-8CD4-3CCD4CE95D4A}.Release|Any CPU.ActiveCfg = Release|Any CPU
		{18E7AD14-9E9B-40F3-8CD4-3CCD4CE95D4A}.Release|Any CPU.Build.0 = Release|Any CPU
	EndGlobalSection
	GlobalSection(SolutionProperties) = preSolution
		HideSolutionNode = FALSE
	EndGlobalSection
	GlobalSection(ExtensibilityGlobals) = postSolution
		SolutionGuid = {A9FE9854-DD99-438B-B2A1-FD1399918329}
	EndGlobalSection
EndGlobal
